
Microsoft Visual Studio Solution File, Format Version 12.00
# Visual Studio Version 17
VisualStudioVersion = 17.4.33103.184
MinimumVisualStudioVersion = 10.0.40219.1
Project("{FAE04EC0-301F-11D3-BF4B-00C04F79EFBC}") = "AutomapperDemo", "AutomapperDemo\AutomapperDemo.csproj", "{F5C7AB66-0E91-476D-B6D2-A172F392C143}"
EndProject
Global
	GlobalSection(SolutionConfigurationPlatforms) = preSolution
		Debug|Any CPU = Debug|Any CPU
		Release|Any CPU = Release|Any CPU
	EndGlobalSection
	GlobalSection(ProjectConfigurationPlatforms) = postSolution
		{F5C7AB66-0E91-476D-B6D2-A172F392C143}.Debug|Any CPU.ActiveCfg = Debug|Any CPU
		{F5C7AB66-0E91-476D-B6D2-A172F392C143}.Debug|Any CPU.Build.0 = Debug|Any CPU
		{F5C7AB66-0E91-476D-B6D2-A172F392C143}.Release|Any CPU.ActiveCfg = Release|Any CPU
		{F5C7AB66-0E91-476D-B6D2-A172F392C143}.Release|Any CPU.Build.0 = Release|Any CPU
	EndGlobalSection
	GlobalSection(SolutionProperties) = preSolution
		HideSolutionNode = FALSE
	EndGlobalSection
	GlobalSection(ExtensibilityGlobals) = postSolution
		SolutionGuid = {C0919516-05CA-4F5F-83F6-69637241F66E}
	EndGlobalSection
EndGlobal
